{
  "nodes": {
    "home-manager": {
      "inputs": {
        "nixpkgs": [
          "nixos"
        ]
      },
      "locked": {
        "lastModified": 1719827385,
        "narHash": "sha256-qs+nU20Sm8czHg3bhGCqiH+8e13BJyRrKONW34g3i50=",
        "owner": "nix-community",
        "repo": "home-manager",
        "rev": "391ca6e950c2525b4f853cbe29922452c14eda82",
        "type": "github"
      },
      "original": {
        "owner": "nix-community",
        "ref": "release-24.05",
        "repo": "home-manager",
        "type": "github"
      }
    },
    "kmonad": {
      "inputs": {
        "nixpkgs": [
          "nixos"
        ]
      },
      "locked": {
        "dir": "nix",
        "lastModified": 1717741147,
        "narHash": "sha256-Zz1xi6Fy8QrYkaC7WuKjUt8sxJmP9xd7+kHlkdjQ7qE=",
        "owner": "kmonad",
        "repo": "kmonad",
        "rev": "235b42610758355a664c153999c1ff03b4d918e6",
        "type": "github"
      },
      "original": {
        "dir": "nix",
        "owner": "kmonad",
        "repo": "kmonad",
        "type": "github"
      }
    },
    "nixos": {
      "locked": {
        "lastModified": 1719707984,
        "narHash": "sha256-RoxIr/fbndtuKqulGvNCcuzC6KdAib85Q8gXnjzA1dw=",
        "owner": "NixOS",
        "repo": "nixpkgs",
        "rev": "7dca15289a1c2990efbe4680f0923ce14139b042",
        "type": "github"
      },
      "original": {
        "owner": "NixOS",
        "ref": "nixos-24.05",
        "repo": "nixpkgs",
        "type": "github"
      }
    },
    "nixpkgs": {
      "locked": {
        "lastModified": 1719690277,
        "narHash": "sha256-0xSej1g7eP2kaUF+JQp8jdyNmpmCJKRpO12mKl/36Kc=",
        "owner": "NixOS",
        "repo": "nixpkgs",
        "rev": "2741b4b489b55df32afac57bc4bfd220e8bf617e",
        "type": "github"
      },
      "original": {
        "owner": "NixOS",
        "ref": "nixos-unstable",
        "repo": "nixpkgs",
        "type": "github"
      }
    },
    "nixpkgs-stable": {
      "locked": {
        "lastModified": 1719663039,
        "narHash": "sha256-tXlrgAQygNIy49LDVFuPXlWD2zTQV9/F8pfoqwwPJyo=",
        "owner": "NixOS",
        "repo": "nixpkgs",
        "rev": "4a1e673523344f6ccc84b37f4413ad74ea19a119",
        "type": "github"
      },
      "original": {
        "owner": "NixOS",
        "ref": "release-23.11",
        "repo": "nixpkgs",
        "type": "github"
      }
    },
    "root": {
      "inputs": {
        "home-manager": "home-manager",
        "kmonad": "kmonad",
        "nixos": "nixos",
        "nixpkgs": "nixpkgs",
        "sops-nix": "sops-nix"
      }
    },
    "sops-nix": {
      "inputs": {
        "nixpkgs": [
          "nixos"
        ],
        "nixpkgs-stable": "nixpkgs-stable"
      },
      "locked": {
        "lastModified": 1719716556,
        "narHash": "sha256-KA9gy2Wkv76s4A8eLnOcdKVTygewbw3xsB8+awNMyqs=",
        "owner": "Mic92",
        "repo": "sops-nix",
        "rev": "b5974d4331fb6c893e808977a2e1a6d34b3162d6",
        "type": "github"
      },
      "original": {
        "owner": "Mic92",
        "repo": "sops-nix",
        "type": "github"
      }
    }
  },
  "root": "root",
  "version": 7
}
