{
  "nodes": {
    "flake-utils": {
      "locked": {
        "lastModified": 1667395993,
        "narHash": "sha256-nuEHfE/LcWyuSWnS8t12N1wc105Qtau+/OdUAjtQ0rA=",
        "owner": "numtide",
        "repo": "flake-utils",
        "rev": "5aed5285a952e0b949eb3ba02c12fa4fcfef535f",
        "type": "github"
      },
      "original": {
        "owner": "numtide",
        "repo": "flake-utils",
        "type": "github"
      }
    },
    "neovim": {
      "inputs": {
        "flake-utils": [
          "flake-utils"
        ],
        "nixpkgs": [
          "nixpkgs"
        ]
      },
      "locked": {
        "dir": "contrib",
        "lastModified": 1674162747,
        "narHash": "sha256-LCshtXSnEsDXN8G3njFT8fdq0cmekCmBUVyTh1q+Nyo=",
        "owner": "neovim",
        "repo": "neovim",
        "rev": "775e2922908ceae221b35d3edc5e28e89f6b9647",
        "type": "github"
      },
      "original": {
        "dir": "contrib",
        "owner": "neovim",
        "repo": "neovim",
        "type": "github"
      }
    },
    "nixpkgs": {
      "locked": {
        "lastModified": 1673796341,
        "narHash": "sha256-1kZi9OkukpNmOaPY7S5/+SlCDOuYnP3HkXHvNDyLQcc=",
        "owner": "NixOS",
        "repo": "nixpkgs",
        "rev": "6dccdc458512abce8d19f74195bb20fdb067df50",
        "type": "github"
      },
      "original": {
        "owner": "NixOS",
        "ref": "nixos-unstable",
        "repo": "nixpkgs",
        "type": "github"
      }
    },
    "root": {
      "inputs": {
        "flake-utils": "flake-utils",
        "neovim": "neovim",
        "nixpkgs": "nixpkgs",
        "vim-plugin-abolish": "vim-plugin-abolish",
        "vim-plugin-asterisk": "vim-plugin-asterisk",
        "vim-plugin-autopairs": "vim-plugin-autopairs",
        "vim-plugin-bufdelete": "vim-plugin-bufdelete",
        "vim-plugin-cmp": "vim-plugin-cmp",
        "vim-plugin-cmp-buffer": "vim-plugin-cmp-buffer",
        "vim-plugin-cmp-luasnip": "vim-plugin-cmp-luasnip",
        "vim-plugin-cmp-nvim-lsp": "vim-plugin-cmp-nvim-lsp",
        "vim-plugin-cmp-path": "vim-plugin-cmp-path",
        "vim-plugin-comment": "vim-plugin-comment",
        "vim-plugin-dressing": "vim-plugin-dressing",
        "vim-plugin-floaterm": "vim-plugin-floaterm",
        "vim-plugin-fugitive": "vim-plugin-fugitive",
        "vim-plugin-gitsigns": "vim-plugin-gitsigns",
        "vim-plugin-gruvbox-material": "vim-plugin-gruvbox-material",
        "vim-plugin-lsp-signature": "vim-plugin-lsp-signature",
        "vim-plugin-lspconfig": "vim-plugin-lspconfig",
        "vim-plugin-lspkind": "vim-plugin-lspkind",
        "vim-plugin-lualine": "vim-plugin-lualine",
        "vim-plugin-luasnip": "vim-plugin-luasnip",
        "vim-plugin-mergetool": "vim-plugin-mergetool",
        "vim-plugin-null-ls": "vim-plugin-null-ls",
        "vim-plugin-plenary": "vim-plugin-plenary",
        "vim-plugin-repeat": "vim-plugin-repeat",
        "vim-plugin-sleuth": "vim-plugin-sleuth",
        "vim-plugin-surround": "vim-plugin-surround",
        "vim-plugin-telescope": "vim-plugin-telescope",
        "vim-plugin-telescope-fzf-native": "vim-plugin-telescope-fzf-native",
        "vim-plugin-telescope-live-grep-args": "vim-plugin-telescope-live-grep-args",
        "vim-plugin-tmux-navigator": "vim-plugin-tmux-navigator",
        "vim-plugin-treesitter": "vim-plugin-treesitter",
        "vim-plugin-unimpaired": "vim-plugin-unimpaired"
      }
    },
    "vim-plugin-abolish": {
      "flake": false,
      "locked": {
        "lastModified": 1673049484,
        "narHash": "sha256-qonF1ecMm6z7svoCxLvD3uqQwYWoXzxPc+rlD3sM2zY=",
        "owner": "tpope",
        "repo": "vim-abolish",
        "rev": "aa3428b734ddbd0105615832843f619774a6871e",
        "type": "github"
      },
      "original": {
        "owner": "tpope",
        "repo": "vim-abolish",
        "type": "github"
      }
    },
    "vim-plugin-asterisk": {
      "flake": false,
      "locked": {
        "lastModified": 1580751879,
        "narHash": "sha256-MkuY+hIgLiIeJMzF2W6WuwlDQMTHlASs+29NvYlMqa4=",
        "owner": "haya14busa",
        "repo": "vim-asterisk",
        "rev": "77e97061d6691637a034258cc415d98670698459",
        "type": "github"
      },
      "original": {
        "owner": "haya14busa",
        "repo": "vim-asterisk",
        "type": "github"
      }
    },
    "vim-plugin-autopairs": {
      "flake": false,
      "locked": {
        "lastModified": 1673138947,
        "narHash": "sha256-C8Apt+TN8iiKT0s000aEn5yReVSlg/o5cXrTPXBN+pA=",
        "owner": "windwp",
        "repo": "nvim-autopairs",
        "rev": "f00eb3b766c370cb34fdabc29c760338ba9e4c6c",
        "type": "github"
      },
      "original": {
        "owner": "windwp",
        "repo": "nvim-autopairs",
        "type": "github"
      }
    },
    "vim-plugin-bufdelete": {
      "flake": false,
      "locked": {
        "lastModified": 1670152487,
        "narHash": "sha256-QRSGD0RJ0Jmee43ODr+d4JXEyMHo/UklpUyezGJqWyE=",
        "owner": "famiu",
        "repo": "bufdelete.nvim",
        "rev": "f79e9d186b42fba5f1b1362006e7c70240db97a4",
        "type": "github"
      },
      "original": {
        "owner": "famiu",
        "repo": "bufdelete.nvim",
        "type": "github"
      }
    },
    "vim-plugin-cmp": {
      "flake": false,
      "locked": {
        "lastModified": 1672986556,
        "narHash": "sha256-3zPU7WsCow4t0LcG5AGOPEEtVyRZDvo6epzVc9MOGZ0=",
        "owner": "hrsh7th",
        "repo": "nvim-cmp",
        "rev": "11a95792a5be0f5a40bab5fc5b670e5b1399a939",
        "type": "github"
      },
      "original": {
        "owner": "hrsh7th",
        "repo": "nvim-cmp",
        "type": "github"
      }
    },
    "vim-plugin-cmp-buffer": {
      "flake": false,
      "locked": {
        "lastModified": 1660101488,
        "narHash": "sha256-dG4U7MtnXThoa/PD+qFtCt76MQ14V1wX8GMYcvxEnbM=",
        "owner": "hrsh7th",
        "repo": "cmp-buffer",
        "rev": "3022dbc9166796b644a841a02de8dd1cc1d311fa",
        "type": "github"
      },
      "original": {
        "owner": "hrsh7th",
        "repo": "cmp-buffer",
        "type": "github"
      }
    },
    "vim-plugin-cmp-luasnip": {
      "flake": false,
      "locked": {
        "lastModified": 1666943769,
        "narHash": "sha256-Z5SPy3j2oHFxJ7bK8DP8Q/oRyLEMlnWyIfDaQcNVIS0=",
        "owner": "saadparwaiz1",
        "repo": "cmp_luasnip",
        "rev": "18095520391186d634a0045dacaa346291096566",
        "type": "github"
      },
      "original": {
        "owner": "saadparwaiz1",
        "repo": "cmp_luasnip",
        "type": "github"
      }
    },
    "vim-plugin-cmp-nvim-lsp": {
      "flake": false,
      "locked": {
        "lastModified": 1668566979,
        "narHash": "sha256-Mqkp8IH/laUx0cK7S0BjusTT+OtOOJOamZM4+93RHdU=",
        "owner": "hrsh7th",
        "repo": "cmp-nvim-lsp",
        "rev": "59224771f91b86d1de12570b4070fe4ad7cd1eeb",
        "type": "github"
      },
      "original": {
        "owner": "hrsh7th",
        "repo": "cmp-nvim-lsp",
        "type": "github"
      }
    },
    "vim-plugin-cmp-path": {
      "flake": false,
      "locked": {
        "lastModified": 1664784283,
        "narHash": "sha256-thppiiV3wjIaZnAXmsh7j3DUc6ceSCvGzviwFUnoPaI=",
        "owner": "hrsh7th",
        "repo": "cmp-path",
        "rev": "91ff86cd9c29299a64f968ebb45846c485725f23",
        "type": "github"
      },
      "original": {
        "owner": "hrsh7th",
        "repo": "cmp-path",
        "type": "github"
      }
    },
    "vim-plugin-comment": {
      "flake": false,
      "locked": {
        "lastModified": 1674040818,
        "narHash": "sha256-7UtZAE9tPlnpeHS2LLol/LGVOxptDXNKWXHNHvFBNk4=",
        "owner": "numToStr",
        "repo": "Comment.nvim",
        "rev": "eab2c83a0207369900e92783f56990808082eac2",
        "type": "github"
      },
      "original": {
        "owner": "numToStr",
        "repo": "Comment.nvim",
        "type": "github"
      }
    },
    "vim-plugin-dressing": {
      "flake": false,
      "locked": {
        "lastModified": 1670910296,
        "narHash": "sha256-wZCbqn44wrnqTVJWlkjgGQ0LkB+RbpvH5wn0cbHDncc=",
        "owner": "stevearc",
        "repo": "dressing.nvim",
        "rev": "4436d6f41e2f6b8ada57588acd1a9f8b3d21453c",
        "type": "github"
      },
      "original": {
        "owner": "stevearc",
        "repo": "dressing.nvim",
        "type": "github"
      }
    },
    "vim-plugin-floaterm": {
      "flake": false,
      "locked": {
        "lastModified": 1673677153,
        "narHash": "sha256-jMRbwHD2OnnO1LC1iZhdlwH0L5nEEyg1R5gWOIJJjnc=",
        "owner": "voldikss",
        "repo": "vim-floaterm",
        "rev": "06c73980682f61307e890fe652d1343be82e7ec7",
        "type": "github"
      },
      "original": {
        "owner": "voldikss",
        "repo": "vim-floaterm",
        "type": "github"
      }
    },
    "vim-plugin-fugitive": {
      "flake": false,
      "locked": {
        "lastModified": 1673924678,
        "narHash": "sha256-QyjVvLdGLiF5K2IB2mgzxK9MdLuoTmvyY5LTXqyGX1o=",
        "owner": "tpope",
        "repo": "vim-fugitive",
        "rev": "2febbe1f00be04f16daa6464cb39214a8566ec4b",
        "type": "github"
      },
      "original": {
        "owner": "tpope",
        "repo": "vim-fugitive",
        "type": "github"
      }
    },
    "vim-plugin-gitsigns": {
      "flake": false,
      "locked": {
        "lastModified": 1673567372,
        "narHash": "sha256-daiqkwRO9NRrU6zf87m2KQayvuHSQ0OeEay39TWa9iU=",
        "owner": "lewis6991",
        "repo": "gitsigns.nvim",
        "rev": "addd6e174a85fc1c4007ab0b65d77e6555b417bf",
        "type": "github"
      },
      "original": {
        "owner": "lewis6991",
        "repo": "gitsigns.nvim",
        "type": "github"
      }
    },
    "vim-plugin-gruvbox-material": {
      "flake": false,
      "locked": {
        "lastModified": 1673663209,
        "narHash": "sha256-qxblRazEDaVUPJI7xmqLE7ovTMbFVn57/XCy7WaW+Vs=",
        "owner": "sainnhe",
        "repo": "gruvbox-material",
        "rev": "30e9f4b0fa24c25980df1690a8c47c36e40b6673",
        "type": "github"
      },
      "original": {
        "owner": "sainnhe",
        "repo": "gruvbox-material",
        "type": "github"
      }
    },
    "vim-plugin-lsp-signature": {
      "flake": false,
      "locked": {
        "lastModified": 1673960894,
        "narHash": "sha256-bn3oXmHqPDXmuYtysNDhsocvXrgD5+hCt56ehSurl1g=",
        "owner": "ray-x",
        "repo": "lsp_signature.nvim",
        "rev": "c1e9c2a5d0f0aa73c2544ad958c6f06973235d35",
        "type": "github"
      },
      "original": {
        "owner": "ray-x",
        "repo": "lsp_signature.nvim",
        "type": "github"
      }
    },
    "vim-plugin-lspconfig": {
      "flake": false,
      "locked": {
        "lastModified": 1674099504,
        "narHash": "sha256-xtNWfRdmd/O5eS6FdeMV2xb86VmpEeWG3z9eI8PypCk=",
        "owner": "neovim",
        "repo": "nvim-lspconfig",
        "rev": "d228bcf7cd94611929482a09e114a42c41fe81a8",
        "type": "github"
      },
      "original": {
        "owner": "neovim",
        "repo": "nvim-lspconfig",
        "type": "github"
      }
    },
    "vim-plugin-lspkind": {
      "flake": false,
      "locked": {
        "lastModified": 1663824370,
        "narHash": "sha256-WwUQ+O2rIfD4yl0GFx70GsZc9nnhS7b2KWfNdaXCLmM=",
        "owner": "onsails",
        "repo": "lspkind.nvim",
        "rev": "c68b3a003483cf382428a43035079f78474cd11e",
        "type": "github"
      },
      "original": {
        "owner": "onsails",
        "repo": "lspkind.nvim",
        "type": "github"
      }
    },
    "vim-plugin-lualine": {
      "flake": false,
      "locked": {
        "lastModified": 1673418538,
        "narHash": "sha256-3I9og+/lVRFJSpDVFwp2AM5bMqeP1KF8XB8Nyfpwhok=",
        "owner": "nvim-lualine",
        "repo": "lualine.nvim",
        "rev": "0050b308552e45f7128f399886c86afefc3eb988",
        "type": "github"
      },
      "original": {
        "owner": "nvim-lualine",
        "repo": "lualine.nvim",
        "type": "github"
      }
    },
    "vim-plugin-luasnip": {
      "flake": false,
      "locked": {
        "lastModified": 1674068405,
        "narHash": "sha256-wTM214XDJQ/FaPCO9TX/DdSfMhCdXMZk3y+2qbTCe1c=",
        "owner": "L3MON4D3",
        "repo": "LuaSnip",
        "rev": "af60ac12fa1349dbad479fc1e95d5aea977c0c37",
        "type": "github"
      },
      "original": {
        "owner": "L3MON4D3",
        "repo": "LuaSnip",
        "type": "github"
      }
    },
    "vim-plugin-mergetool": {
      "flake": false,
      "locked": {
        "lastModified": 1561185646,
        "narHash": "sha256-l63Iek33eqSSEEAcirhLQq/pibHuiggAqc36bwCNf8Q=",
        "owner": "samoshkin",
        "repo": "vim-mergetool",
        "rev": "0275a85256ad173e3cde586d54f66566c01b607f",
        "type": "github"
      },
      "original": {
        "owner": "samoshkin",
        "repo": "vim-mergetool",
        "type": "github"
      }
    },
    "vim-plugin-null-ls": {
      "flake": false,
      "locked": {
        "lastModified": 1674156758,
        "narHash": "sha256-4+AZQVDcn/k7qTjBIAsNAsBkLW5OVIwFDCN+qxvhBCs=",
        "owner": "jose-elias-alvarez",
        "repo": "null-ls.nvim",
        "rev": "ef3d4a438f96865e3ae018e33ed30156a955ed00",
        "type": "github"
      },
      "original": {
        "owner": "jose-elias-alvarez",
        "repo": "null-ls.nvim",
        "type": "github"
      }
    },
    "vim-plugin-plenary": {
      "flake": false,
      "locked": {
        "lastModified": 1673361461,
        "narHash": "sha256-UWrp5ZoDRhOXSMsHZxrZHPfqBtgnKWf9SA8ChIVKF4o=",
        "owner": "nvim-lua",
        "repo": "plenary.nvim",
        "rev": "1c7e3e6b0f4dd5a174fcea9fda8a4d7de593b826",
        "type": "github"
      },
      "original": {
        "owner": "nvim-lua",
        "repo": "plenary.nvim",
        "type": "github"
      }
    },
    "vim-plugin-repeat": {
      "flake": false,
      "locked": {
        "lastModified": 1611544268,
        "narHash": "sha256-8rfZa3uKXB3TRCqaDHZ6DfzNbm7WaYnLvmTNzYtnKHg=",
        "owner": "tpope",
        "repo": "vim-repeat",
        "rev": "24afe922e6a05891756ecf331f39a1f6743d3d5a",
        "type": "github"
      },
      "original": {
        "owner": "tpope",
        "repo": "vim-repeat",
        "type": "github"
      }
    },
    "vim-plugin-sleuth": {
      "flake": false,
      "locked": {
        "lastModified": 1673378030,
        "narHash": "sha256-ClltfSVuoNoq5EiWRVBsGz1mrr7FbafGDdgsavLgFVE=",
        "owner": "tpope",
        "repo": "vim-sleuth",
        "rev": "1cc4557420f215d02c4d2645a748a816c220e99b",
        "type": "github"
      },
      "original": {
        "owner": "tpope",
        "repo": "vim-sleuth",
        "type": "github"
      }
    },
    "vim-plugin-surround": {
      "flake": false,
      "locked": {
        "lastModified": 1666730476,
        "narHash": "sha256-DZE5tkmnT+lAvx/RQHaDEgEJXRKsy56KJY919xiH1lE=",
        "owner": "tpope",
        "repo": "vim-surround",
        "rev": "3d188ed2113431cf8dac77be61b842acb64433d9",
        "type": "github"
      },
      "original": {
        "owner": "tpope",
        "repo": "vim-surround",
        "type": "github"
      }
    },
    "vim-plugin-telescope": {
      "flake": false,
      "locked": {
        "lastModified": 1673904050,
        "narHash": "sha256-f0KNw5lER1xchDBOITUx1FyX/Da5KUWyR0uVtPn/1Zg=",
        "owner": "nvim-telescope",
        "repo": "telescope.nvim",
        "rev": "2f32775405f6706348b71d0bb8a15a22852a61e4",
        "type": "github"
      },
      "original": {
        "owner": "nvim-telescope",
        "repo": "telescope.nvim",
        "type": "github"
      }
    },
    "vim-plugin-telescope-fzf-native": {
      "flake": false,
      "locked": {
        "lastModified": 1671352861,
        "narHash": "sha256-DpQpUW0ba+8gpV5OOtSLw14ysKqDRJAz2u4rNZ5SUV0=",
        "owner": "nvim-telescope",
        "repo": "telescope-fzf-native.nvim",
        "rev": "fab3e2212e206f4f8b3bbaa656e129443c9b802e",
        "type": "github"
      },
      "original": {
        "owner": "nvim-telescope",
        "repo": "telescope-fzf-native.nvim",
        "type": "github"
      }
    },
    "vim-plugin-telescope-live-grep-args": {
      "flake": false,
      "locked": {
        "lastModified": 1667841908,
        "narHash": "sha256-RgGCaAolEWMXJet547ce0oW0+zsxQzXrKn+O9WgV1nk=",
        "owner": "nvim-telescope",
        "repo": "telescope-live-grep-args.nvim",
        "rev": "7de3baef1ec4fb77f7a8195fe87bebd513244b6a",
        "type": "github"
      },
      "original": {
        "owner": "nvim-telescope",
        "repo": "telescope-live-grep-args.nvim",
        "type": "github"
      }
    },
    "vim-plugin-tmux-navigator": {
      "flake": false,
      "locked": {
        "lastModified": 1673311166,
        "narHash": "sha256-gF1b5aBQTNQm2hCY5aR+RSU4cCNG356Yg6uPnlgqS4o=",
        "owner": "christoomey",
        "repo": "vim-tmux-navigator",
        "rev": "cdd66d6a37d991bba7997d593586fc51a5b37aa8",
        "type": "github"
      },
      "original": {
        "owner": "christoomey",
        "repo": "vim-tmux-navigator",
        "type": "github"
      }
    },
    "vim-plugin-treesitter": {
      "flake": false,
      "locked": {
        "lastModified": 1674116829,
        "narHash": "sha256-osQUtVlkdMhVZLl9KBlxmCCgDXd3BiMQ0ggKkAndUqM=",
        "owner": "nvim-treesitter",
        "repo": "nvim-treesitter",
        "rev": "42c3a3c51e8fef027655e7facd293aae7c6984bb",
        "type": "github"
      },
      "original": {
        "owner": "nvim-treesitter",
        "repo": "nvim-treesitter",
        "type": "github"
      }
    },
    "vim-plugin-unimpaired": {
      "flake": false,
      "locked": {
        "lastModified": 1668992903,
        "narHash": "sha256-KUNmvI5+2yZuPTmtUiRPtkjzMxRaDh5gALsLz5VIaao=",
        "owner": "tpope",
        "repo": "vim-unimpaired",
        "rev": "6d44a6dc2ec34607c41ec78acf81657248580bf1",
        "type": "github"
      },
      "original": {
        "owner": "tpope",
        "repo": "vim-unimpaired",
        "type": "github"
      }
    }
  },
  "root": "root",
  "version": 7
}
